// !$*UTF8*$!
{
	archiveVersion = 1;
	classes = {
	};
	objectVersion = 77;
	objects = {

/* Begin PBXBuildFile section */
		AAA237102DF8CA4900935109 /* dino_small_finetuned.mlpackage in Resources */ = {isa = PBXBuildFile; fileRef = AA8BF00D2DF8B3A2000568E3 /* dino_small_finetuned.mlpackage */; };
		AAA237122DF8CB0400935109 /* test_models in Resources */ = {isa = PBXBuildFile; fileRef = AAA237112DF8CB0400935109 /* test_models */; };
/* End PBXBuildFile section */

/* Begin PBXContainerItemProxy section */
		AA8BEFEF2DF8B24E000568E3 /* PBXContainerItemProxy */ = {
			isa = PBXContainerItemProxy;
			containerPortal = AA8BEFD82DF8B24D000568E3 /* Project object */;
			proxyType = 1;
			remoteGlobalIDString = AA8BEFDF2DF8B24D000568E3;
			remoteInfo = PoseTestApp;
		};
		AA8BEFF92DF8B24E000568E3 /* PBXContainerItemProxy */ = {
			isa = PBXContainerItemProxy;
			containerPortal = AA8BEFD82DF8B24D000568E3 /* Project object */;
			proxyType = 1;
			remoteGlobalIDString = AA8BEFDF2DF8B24D000568E3;
			remoteInfo = PoseTestApp;
		};
/* End PBXContainerItemProxy section */

/* Begin PBXFileReference section */
		AA8BEFE02DF8B24D000568E3 /* PoseTestApp.app */ = {isa = PBXFileReference; explicitFileType = wrapper.application; includeInIndex = 0; path = PoseTestApp.app; sourceTree = BUILT_PRODUCTS_DIR; };
		AA8BEFEE2DF8B24E000568E3 /* PoseTestAppTests.xctest */ = {isa = PBXFileReference; explicitFileType = wrapper.cfbundle; includeInIndex = 0; path = PoseTestAppTests.xctest; sourceTree = BUILT_PRODUCTS_DIR; };
		AA8BEFF82DF8B24E000568E3 /* PoseTestAppUITests.xctest */ = {isa = PBXFileReference; explicitFileType = wrapper.cfbundle; includeInIndex = 0; path = PoseTestAppUITests.xctest; sourceTree = BUILT_PRODUCTS_DIR; };
		AA8BF00D2DF8B3A2000568E3 /* dino_small_finetuned.mlpackage */ = {isa = PBXFileReference; lastKnownFileType = folder.mlpackage; path = dino_small_finetuned.mlpackage; sourceTree = "<group>"; };
		AA8BF00E2DF8B3A2000568E3 /* dino_small_finetuned.pth */ = {isa = PBXFileReference; lastKnownFileType = file; path = dino_small_finetuned.pth; sourceTree = "<group>"; };
		AAA237112DF8CB0400935109 /* test_models */ = {isa = PBXFileReference; lastKnownFileType = folder; name = test_models; path = ../../test_models; sourceTree = "<group>"; };
/* End PBXFileReference section */

/* Begin PBXFileSystemSynchronizedRootGroup section */
		AA8BEFE22DF8B24D000568E3 /* PoseTestApp */ = {
			isa = PBXFileSystemSynchronizedRootGroup;
			path = PoseTestApp;
			sourceTree = "<group>";
		};
		AA8BEFF12DF8B24E000568E3 /* PoseTestAppTests */ = {
			isa = PBXFileSystemSynchronizedRootGroup;
			path = PoseTestAppTests;
			sourceTree = "<group>";
		};
		AA8BEFFB2DF8B24E000568E3 /* PoseTestAppUITests */ = {
			isa = PBXFileSystemSynchronizedRootGroup;
			path = PoseTestAppUITests;
			sourceTree = "<group>";
		};
/* End PBXFileSystemSynchronizedRootGroup section */

/* Begin PBXFrameworksBuildPhase section */
		AA8BEFDD2DF8B24D000568E3 /* Frameworks */ = {
			isa = PBXFrameworksBuildPhase;
			buildActionMask = 2147483647;
			files = (
			);
			runOnlyForDeploymentPostprocessing = 0;
		};
		AA8BEFEB2DF8B24E000568E3 /* Frameworks */ = {
			isa = PBXFrameworksBuildPhase;
			buildActionMask = 2147483647;
			files = (
			);
			runOnlyForDeploymentPostprocessing = 0;
		};
		AA8BEFF52DF8B24E000568E3 /* Frameworks */ = {
			isa = PBXFrameworksBuildPhase;
			buildActionMask = 2147483647;
			files = (
			);
			runOnlyForDeploymentPostprocessing = 0;
		};
/* End PBXFrameworksBuildPhase section */

/* Begin PBXGroup section */
		AA8BEFD72DF8B24D000568E3 = {
			isa = PBXGroup;
			children = (
				AA8BF0122DF8B3A2000568E3 /* test_models */,
				AAA237112DF8CB0400935109 /* test_models */,
				AA8BEFE22DF8B24D000568E3 /* PoseTestApp */,
				AA8BEFF12DF8B24E000568E3 /* PoseTestAppTests */,
				AA8BEFFB2DF8B24E000568E3 /* PoseTestAppUITests */,
				AA8BEFE12DF8B24D000568E3 /* Products */,
			);
			sourceTree = "<group>";
		};
		AA8BEFE12DF8B24D000568E3 /* Products */ = {
			isa = PBXGroup;
			children = (
				AA8BEFE02DF8B24D000568E3 /* PoseTestApp.app */,
				AA8BEFEE2DF8B24E000568E3 /* PoseTestAppTests.xctest */,
				AA8BEFF82DF8B24E000568E3 /* PoseTestAppUITests.xctest */,
			);
			name = Products;
			sourceTree = "<group>";
		};
		AA8BF00F2DF8B3A2000568E3 /* dino_small_lora */ = {
			isa = PBXGroup;
			children = (
				AA8BF00D2DF8B3A2000568E3 /* dino_small_finetuned.mlpackage */,
				AA8BF00E2DF8B3A2000568E3 /* dino_small_finetuned.pth */,
			);
			path = dino_small_lora;
			sourceTree = "<group>";
		};
		AA8BF0102DF8B3A2000568E3 /* dinov2_base */ = {
			isa = PBXGroup;
			children = (
			);
			path = dinov2_base;
			sourceTree = "<group>";
		};
		AA8BF0112DF8B3A2000568E3 /* fastvit_test */ = {
			isa = PBXGroup;
			children = (
			);
			path = fastvit_test;
			sourceTree = "<group>";
		};
		AA8BF0122DF8B3A2000568E3 /* test_models */ = {
			isa = PBXGroup;
			children = (
				AA8BF00F2DF8B3A2000568E3 /* dino_small_lora */,
				AA8BF0102DF8B3A2000568E3 /* dinov2_base */,
				AA8BF0112DF8B3A2000568E3 /* fastvit_test */,
			);
			name = test_models;
			path = ../../test_models;
			sourceTree = "<group>";
		};
/* End PBXGroup section */

/* Begin PBXNativeTarget section */
		AA8BEFDF2DF8B24D000568E3 /* PoseTestApp */ = {
			isa = PBXNativeTarget;
			buildConfigurationList = AA8BF0022DF8B24E000568E3 /* Build configuration list for PBXNativeTarget "PoseTestApp" */;
			buildPhases = (
				AA8BEFDC2DF8B24D000568E3 /* Sources */,
				AA8BEFDD2DF8B24D000568E3 /* Frameworks */,
				AA8BEFDE2DF8B24D000568E3 /* Resources */,
			);
			buildRules = (
			);
			dependencies = (
			);
			fileSystemSynchronizedGroups = (
				AA8BEFE22DF8B24D000568E3 /* PoseTestApp */,
			);
			name = PoseTestApp;
			packageProductDependencies = (
			);
			productName = PoseTestApp;
			productReference = AA8BEFE02DF8B24D000568E3 /* PoseTestApp.app */;
			productType = "com.apple.product-type.application";
		};
		AA8BEFED2DF8B24E000568E3 /* PoseTestAppTests */ = {
			isa = PBXNativeTarget;
			buildConfigurationList = AA8BF0052DF8B24E000568E3 /* Build configuration list for PBXNativeTarget "PoseTestAppTests" */;
			buildPhases = (
				AA8BEFEA2DF8B24E000568E3 /* Sources */,
				AA8BEFEB2DF8B24E000568E3 /* Frameworks */,
				AA8BEFEC2DF8B24E000568E3 /* Resources */,
			);
			buildRules = (
			);
			dependencies = (
				AA8BEFF02DF8B24E000568E3 /* PBXTargetDependency */,
			);
			fileSystemSynchronizedGroups = (
				AA8BEFF12DF8B24E000568E3 /* PoseTestAppTests */,
			);
			name = PoseTestAppTests;
			packageProductDependencies = (
			);
			productName = PoseTestAppTests;
			productReference = AA8BEFEE2DF8B24E000568E3 /* PoseTestAppTests.xctest */;
			productType = "com.apple.product-type.bundle.unit-test";
		};
		AA8BEFF72DF8B24E000568E3 /* PoseTestAppUITests */ = {
			isa = PBXNativeTarget;
			buildConfigurationList = AA8BF0082DF8B24E000568E3 /* Build configuration list for PBXNativeTarget "PoseTestAppUITests" */;
			buildPhases = (
				AA8BEFF42DF8B24E000568E3 /* Sources */,
				AA8BEFF52DF8B24E000568E3 /* Frameworks */,
				AA8BEFF62DF8B24E000568E3 /* Resources */,
			);
			buildRules = (
			);
			dependencies = (
				AA8BEFFA2DF8B24E000568E3 /* PBXTargetDependency */,
			);
			fileSystemSynchronizedGroups = (
				AA8BEFFB2DF8B24E000568E3 /* PoseTestAppUITests */,
			);
			name = PoseTestAppUITests;
			packageProductDependencies = (
			);
			productName = PoseTestAppUITests;
			productReference = AA8BEFF82DF8B24E000568E3 /* PoseTestAppUITests.xctest */;
			productType = "com.apple.product-type.bundle.ui-testing";
		};
/* End PBXNativeTarget section */

/* Begin PBXProject section */
		AA8BEFD82DF8B24D000568E3 /* Project object */ = {
			isa = PBXProject;
			attributes = {
				BuildIndependentTargetsInParallel = 1;
				LastSwiftUpdateCheck = 1630;
				LastUpgradeCheck = 1630;
				TargetAttributes = {
					AA8BEFDF2DF8B24D000568E3 = {
						CreatedOnToolsVersion = 16.3;
					};
					AA8BEFED2DF8B24E000568E3 = {
						CreatedOnToolsVersion = 16.3;
						TestTargetID = AA8BEFDF2DF8B24D000568E3;
					};
					AA8BEFF72DF8B24E000568E3 = {
						CreatedOnToolsVersion = 16.3;
						TestTargetID = AA8BEFDF2DF8B24D000568E3;
					};
				};
			};
			buildConfigurationList = AA8BEFDB2DF8B24D000568E3 /* Build configuration list for PBXProject "PoseTestApp" */;
			developmentRegion = en;
			hasScannedForEncodings = 0;
			knownRegions = (
				en,
				Base,
			);
			mainGroup = AA8BEFD72DF8B24D000568E3;
			minimizedProjectReferenceProxies = 1;
			preferredProjectObjectVersion = 77;
			productRefGroup = AA8BEFE12DF8B24D000568E3 /* Products */;
			projectDirPath = "";
			projectRoot = "";
			targets = (
				AA8BEFDF2DF8B24D000568E3 /* PoseTestApp */,
				AA8BEFED2DF8B24E000568E3 /* PoseTestAppTests */,
				AA8BEFF72DF8B24E000568E3 /* PoseTestAppUITests */,
			);
		};
/* End PBXProject section */

/* Begin PBXResourcesBuildPhase section */
		AA8BEFDE2DF8B24D000568E3 /* Resources */ = {
			isa = PBXResourcesBuildPhase;
			buildActionMask = 2147483647;
			files = (
				AAA237122DF8CB0400935109 /* test_models in Resources */,
				AAA237102DF8CA4900935109 /* dino_small_finetuned.mlpackage in Resources */,
			);
			runOnlyForDeploymentPostprocessing = 0;
		};
		AA8BEFEC2DF8B24E000568E3 /* Resources */ = {
			isa = PBXResourcesBuildPhase;
			buildActionMask = 2147483647;
			files = (
			);
			runOnlyForDeploymentPostprocessing = 0;
		};
		AA8BEFF62DF8B24E000568E3 /* Resources */ = {
			isa = PBXResourcesBuildPhase;
			buildActionMask = 2147483647;
			files = (
			);
			runOnlyForDeploymentPostprocessing = 0;
		};
/* End PBXResourcesBuildPhase section */

/* Begin PBXSourcesBuildPhase section */
		AA8BEFDC2DF8B24D000568E3 /* Sources */ = {
			isa = PBXSourcesBuildPhase;
			buildActionMask = 2147483647;
			files = (
			);
			runOnlyForDeploymentPostprocessing = 0;
		};
		AA8BEFEA2DF8B24E000568E3 /* Sources */ = {
			isa = PBXSourcesBuildPhase;
			buildActionMask = 2147483647;
			files = (
			);
			runOnlyForDeploymentPostprocessing = 0;
		};
		AA8BEFF42DF8B24E000568E3 /* Sources */ = {
			isa = PBXSourcesBuildPhase;
			buildActionMask = 2147483647;
			files = (
			);
			runOnlyForDeploymentPostprocessing = 0;
		};
/* End PBXSourcesBuildPhase section */

/* Begin PBXTargetDependency section */
		AA8BEFF02DF8B24E000568E3 /* PBXTargetDependency */ = {
			isa = PBXTargetDependency;
			target = AA8BEFDF2DF8B24D000568E3 /* PoseTestApp */;
			targetProxy = AA8BEFEF2DF8B24E000568E3 /* PBXContainerItemProxy */;
		};
		AA8BEFFA2DF8B24E000568E3 /* PBXTargetDependency */ = {
			isa = PBXTargetDependency;
			target = AA8BEFDF2DF8B24D000568E3 /* PoseTestApp */;
			targetProxy = AA8BEFF92DF8B24E000568E3 /* PBXContainerItemProxy */;
		};
/* End PBXTargetDependency section */

/* Begin XCBuildConfiguration section */
		AA8BF0002DF8B24E000568E3 /* Debug */ = {
			isa = XCBuildConfiguration;
			buildSettings = {
				ALWAYS_SEARCH_USER_PATHS = NO;
				ASSETCATALOG_COMPILER_GENERATE_SWIFT_ASSET_SYMBOL_EXTENSIONS = YES;
				CLANG_ANALYZER_NONNULL = YES;
				CLANG_ANALYZER_NUMBER_OBJECT_CONVERSION = YES_AGGRESSIVE;
				CLANG_CXX_LANGUAGE_STANDARD = "gnu++20";
				CLANG_ENABLE_MODULES = YES;
				CLANG_ENABLE_OBJC_ARC = YES;
				CLANG_ENABLE_OBJC_WEAK = YES;
				CLANG_WARN_BLOCK_CAPTURE_AUTORELEASING = YES;
				CLANG_WARN_BOOL_CONVERSION = YES;
				CLANG_WARN_COMMA = YES;
				CLANG_WARN_CONSTANT_CONVERSION = YES;
				CLANG_WARN_DEPRECATED_OBJC_IMPLEMENTATIONS = YES;
				CLANG_WARN_DIRECT_OBJC_ISA_USAGE = YES_ERROR;
				CLANG_WARN_DOCUMENTATION_COMMENTS = YES;
				CLANG_WARN_EMPTY_BODY = YES;
				CLANG_WARN_ENUM_CONVERSION = YES;
				CLANG_WARN_INFINITE_RECURSION = YES;
				CLANG_WARN_INT_CONVERSION = YES;
				CLANG_WARN_NON_LITERAL_NULL_CONVERSION = YES;
				CLANG_WARN_OBJC_IMPLICIT_RETAIN_SELF = YES;
				CLANG_WARN_OBJC_LITERAL_CONVERSION = YES;
				CLANG_WARN_OBJC_ROOT_CLASS = YES_ERROR;
				CLANG_WARN_QUOTED_INCLUDE_IN_FRAMEWORK_HEADER = YES;
				CLANG_WARN_RANGE_LOOP_ANALYSIS = YES;
				CLANG_WARN_STRICT_PROTOTYPES = YES;
				CLANG_WARN_SUSPICIOUS_MOVE = YES;
				CLANG_WARN_UNGUARDED_AVAILABILITY = YES_AGGRESSIVE;
				CLANG_WARN_UNREACHABLE_CODE = YES;
				CLANG_WARN__DUPLICATE_METHOD_MATCH = YES;
				COPY_PHASE_STRIP = NO;
				DEBUG_INFORMATION_FORMAT = dwarf;
				DEVELOPMENT_TEAM = 968LHD49PF;
				ENABLE_STRICT_OBJC_MSGSEND = YES;
				ENABLE_TESTABILITY = YES;
				ENABLE_USER_SCRIPT_SANDBOXING = YES;
				GCC_C_LANGUAGE_STANDARD = gnu17;
				GCC_DYNAMIC_NO_PIC = NO;
				GCC_NO_COMMON_BLOCKS = YES;
				GCC_OPTIMIZATION_LEVEL = 0;
				GCC_PREPROCESSOR_DEFINITIONS = (
					"DEBUG=1",
					"$(inherited)",
				);
				GCC_WARN_64_TO_32_BIT_CONVERSION = YES;
				GCC_WARN_ABOUT_RETURN_TYPE = YES_ERROR;
				GCC_WARN_UNDECLARED_SELECTOR = YES;
				GCC_WARN_UNINITIALIZED_AUTOS = YES_AGGRESSIVE;
				GCC_WARN_UNUSED_FUNCTION = YES;
				GCC_WARN_UNUSED_VARIABLE = YES;
				LOCALIZATION_PREFERS_STRING_CATALOGS = YES;
				MTL_ENABLE_DEBUG_INFO = INCLUDE_SOURCE;
				MTL_FAST_MATH = YES;
				ONLY_ACTIVE_ARCH = YES;
				SWIFT_ACTIVE_COMPILATION_CONDITIONS = "DEBUG $(inherited)";
				SWIFT_OPTIMIZATION_LEVEL = "-Onone";
			};
			name = Debug;
		};
		AA8BF0012DF8B24E000568E3 /* Release */ = {
			isa = XCBuildConfiguration;
			buildSettings = {
				ALWAYS_SEARCH_USER_PATHS = NO;
				ASSETCATALOG_COMPILER_GENERATE_SWIFT_ASSET_SYMBOL_EXTENSIONS = YES;
				CLANG_ANALYZER_NONNULL = YES;
				CLANG_ANALYZER_NUMBER_OBJECT_CONVERSION = YES_AGGRESSIVE;
				CLANG_CXX_LANGUAGE_STANDARD = "gnu++20";
				CLANG_ENABLE_MODULES = YES;
				CLANG_ENABLE_OBJC_ARC = YES;
				CLANG_ENABLE_OBJC_WEAK = YES;
				CLANG_WARN_BLOCK_CAPTURE_AUTORELEASING = YES;
				CLANG_WARN_BOOL_CONVERSION = YES;
				CLANG_WARN_COMMA = YES;
				CLANG_WARN_CONSTANT_CONVERSION = YES;
				CLANG_WARN_DEPRECATED_OBJC_IMPLEMENTATIONS = YES;
				CLANG_WARN_DIRECT_OBJC_ISA_USAGE = YES_ERROR;
				CLANG_WARN_DOCUMENTATION_COMMENTS = YES;
				CLANG_WARN_EMPTY_BODY = YES;
				CLANG_WARN_ENUM_CONVERSION = YES;
				CLANG_WARN_INFINITE_RECURSION = YES;
				CLANG_WARN_INT_CONVERSION = YES;
				CLANG_WARN_NON_LITERAL_NULL_CONVERSION = YES;
				CLANG_WARN_OBJC_IMPLICIT_RETAIN_SELF = YES;
				CLANG_WARN_OBJC_LITERAL_CONVERSION = YES;
				CLANG_WARN_OBJC_ROOT_CLASS = YES_ERROR;
				CLANG_WARN_QUOTED_INCLUDE_IN_FRAMEWORK_HEADER = YES;
				CLANG_WARN_RANGE_LOOP_ANALYSIS = YES;
				CLANG_WARN_STRICT_PROTOTYPES = YES;
				CLANG_WARN_SUSPICIOUS_MOVE = YES;
				CLANG_WARN_UNGUARDED_AVAILABILITY = YES_AGGRESSIVE;
				CLANG_WARN_UNREACHABLE_CODE = YES;
				CLANG_WARN__DUPLICATE_METHOD_MATCH = YES;
				COPY_PHASE_STRIP = NO;
				DEBUG_INFORMATION_FORMAT = "dwarf-with-dsym";
				DEVELOPMENT_TEAM = 968LHD49PF;
				ENABLE_NS_ASSERTIONS = NO;
				ENABLE_STRICT_OBJC_MSGSEND = YES;
				ENABLE_USER_SCRIPT_SANDBOXING = YES;
				GCC_C_LANGUAGE_STANDARD = gnu17;
				GCC_NO_COMMON_BLOCKS = YES;
				GCC_WARN_64_TO_32_BIT_CONVERSION = YES;
				GCC_WARN_ABOUT_RETURN_TYPE = YES_ERROR;
				GCC_WARN_UNDECLARED_SELECTOR = YES;
				GCC_WARN_UNINITIALIZED_AUTOS = YES_AGGRESSIVE;
				GCC_WARN_UNUSED_FUNCTION = YES;
				GCC_WARN_UNUSED_VARIABLE = YES;
				LOCALIZATION_PREFERS_STRING_CATALOGS = YES;
				MTL_ENABLE_DEBUG_INFO = NO;
				MTL_FAST_MATH = YES;
				SWIFT_COMPILATION_MODE = wholemodule;
			};
			name = Release;
		};
		AA8BF0032DF8B24E000568E3 /* Debug */ = {
			isa = XCBuildConfiguration;
			buildSettings = {
				ASSETCATALOG_COMPILER_APPICON_NAME = AppIcon;
				ASSETCATALOG_COMPILER_GLOBAL_ACCENT_COLOR_NAME = AccentColor;
				CODE_SIGN_ENTITLEMENTS = PoseTestApp/PoseTestApp.entitlements;
				CODE_SIGN_STYLE = Automatic;
				CURRENT_PROJECT_VERSION = 1;
				DEVELOPMENT_TEAM = 968LHD49PF;
				ENABLE_HARDENED_RUNTIME = YES;
				ENABLE_PREVIEWS = YES;
				GENERATE_INFOPLIST_FILE = YES;
				INFOPLIST_KEY_NSCameraUsageDescription = "This app uses camera for real-time pose estimation";
				"INFOPLIST_KEY_UIApplicationSceneManifest_Generation[sdk=iphoneos*]" = YES;
				"INFOPLIST_KEY_UIApplicationSceneManifest_Generation[sdk=iphonesimulator*]" = YES;
				"INFOPLIST_KEY_UIApplicationSupportsIndirectInputEvents[sdk=iphoneos*]" = YES;
				"INFOPLIST_KEY_UIApplicationSupportsIndirectInputEvents[sdk=iphonesimulator*]" = YES;
				"INFOPLIST_KEY_UILaunchScreen_Generation[sdk=iphoneos*]" = YES;
				"INFOPLIST_KEY_UILaunchScreen_Generation[sdk=iphonesimulator*]" = YES;
				INFOPLIST_KEY_UIStatusBarStyle = "";
				"INFOPLIST_KEY_UIStatusBarStyle[sdk=iphoneos*]" = UIStatusBarStyleDefault;
				"INFOPLIST_KEY_UIStatusBarStyle[sdk=iphonesimulator*]" = UIStatusBarStyleDefault;
				INFOPLIST_KEY_UISupportedInterfaceOrientations = "UIInterfaceOrientationLandscapeLeft UIInterfaceOrientationLandscapeRight UIInterfaceOrientationPortrait";
				INFOPLIST_KEY_UISupportedInterfaceOrientations_iPad = "UIInterfaceOrientationLandscapeLeft UIInterfaceOrientationLandscapeRight UIInterfaceOrientationPortrait UIInterfaceOrientationPortraitUpsideDown";
				IPHONEOS_DEPLOYMENT_TARGET = 18.0;
				LD_RUNPATH_SEARCH_PATHS = "@executable_path/Frameworks";
				"LD_RUNPATH_SEARCH_PATHS[sdk=macosx*]" = "@executable_path/../Frameworks";
				MACOSX_DEPLOYMENT_TARGET = 15.4;
				MARKETING_VERSION = 1.0;
				PRODUCT_BUNDLE_IDENTIFIER = seunghan.PoseTestApp;
				PRODUCT_NAME = "$(TARGET_NAME)";
				REGISTER_APP_GROUPS = YES;
				SDKROOT = auto;
				SUPPORTED_PLATFORMS = "iphoneos iphonesimulator macosx xros xrsimulator";
				SWIFT_EMIT_LOC_STRINGS = YES;
				SWIFT_VERSION = 5.0;
				TARGETED_DEVICE_FAMILY = "1,2,7";
				XROS_DEPLOYMENT_TARGET = 2.4;
			};
			name = Debug;
		};
		AA8BF0042DF8B24E000568E3 /* Release */ = {
			isa = XCBuildConfiguration;
			buildSettings = {
				ASSETCATALOG_COMPILER_APPICON_NAME = AppIcon;
				ASSETCATALOG_COMPILER_GLOBAL_ACCENT_COLOR_NAME = AccentColor;
				CODE_SIGN_ENTITLEMENTS = PoseTestApp/PoseTestApp.entitlements;
				CODE_SIGN_STYLE = Automatic;
				CURRENT_PROJECT_VERSION = 1;
				DEVELOPMENT_TEAM = 968LHD49PF;
				ENABLE_HARDENED_RUNTIME = YES;
				ENABLE_PREVIEWS = YES;
				GENERATE_INFOPLIST_FILE = YES;
				INFOPLIST_KEY_NSCameraUsageDescription = "This app uses camera for real-time pose estimation";
				"INFOPLIST_KEY_UIApplicationSceneManifest_Generation[sdk=iphoneos*]" = YES;
				"INFOPLIST_KEY_UIApplicationSceneManifest_Generation[sdk=iphonesimulator*]" = YES;
				"INFOPLIST_KEY_UIApplicationSupportsIndirectInputEvents[sdk=iphoneos*]" = YES;
				"INFOPLIST_KEY_UIApplicationSupportsIndirectInputEvents[sdk=iphonesimulator*]" = YES;
				"INFOPLIST_KEY_UILaunchScreen_Generation[sdk=iphoneos*]" = YES;
				"INFOPLIST_KEY_UILaunchScreen_Generation[sdk=iphonesimulator*]" = YES;
				INFOPLIST_KEY_UIStatusBarStyle = "";
				"INFOPLIST_KEY_UIStatusBarStyle[sdk=iphoneos*]" = UIStatusBarStyleDefault;
				"INFOPLIST_KEY_UIStatusBarStyle[sdk=iphonesimulator*]" = UIStatusBarStyleDefault;
				INFOPLIST_KEY_UISupportedInterfaceOrientations = "UIInterfaceOrientationLandscapeLeft UIInterfaceOrientationLandscapeRight UIInterfaceOrientationPortrait";
				INFOPLIST_KEY_UISupportedInterfaceOrientations_iPad = "UIInterfaceOrientationLandscapeLeft UIInterfaceOrientationLandscapeRight UIInterfaceOrientationPortrait UIInterfaceOrientationPortraitUpsideDown";
				IPHONEOS_DEPLOYMENT_TARGET = 18.0;
				LD_RUNPATH_SEARCH_PATHS = "@executable_path/Frameworks";
				"LD_RUNPATH_SEARCH_PATHS[sdk=macosx*]" = "@executable_path/../Frameworks";
				MACOSX_DEPLOYMENT_TARGET = 15.4;
				MARKETING_VERSION = 1.0;
				PRODUCT_BUNDLE_IDENTIFIER = seunghan.PoseTestApp;
				PRODUCT_NAME = "$(TARGET_NAME)";
				REGISTER_APP_GROUPS = YES;
				SDKROOT = auto;
				SUPPORTED_PLATFORMS = "iphoneos iphonesimulator macosx xros xrsimulator";
				SWIFT_EMIT_LOC_STRINGS = YES;
				SWIFT_VERSION = 5.0;
				TARGETED_DEVICE_FAMILY = "1,2,7";
				XROS_DEPLOYMENT_TARGET = 2.4;
			};
			name = Release;
		};
		AA8BF0062DF8B24E000568E3 /* Debug */ = {
			isa = XCBuildConfiguration;
			buildSettings = {
				BUNDLE_LOADER = "$(TEST_HOST)";
				CODE_SIGN_STYLE = Automatic;
				CURRENT_PROJECT_VERSION = 1;
				DEVELOPMENT_TEAM = 968LHD49PF;
				GENERATE_INFOPLIST_FILE = YES;
				IPHONEOS_DEPLOYMENT_TARGET = 18.4;
				MACOSX_DEPLOYMENT_TARGET = 15.4;
				MARKETING_VERSION = 1.0;
				PRODUCT_BUNDLE_IDENTIFIER = seunghan.PoseTestAppTests;
				PRODUCT_NAME = "$(TARGET_NAME)";
				SDKROOT = auto;
				SUPPORTED_PLATFORMS = "iphoneos iphonesimulator macosx xros xrsimulator";
				SWIFT_EMIT_LOC_STRINGS = NO;
				SWIFT_VERSION = 5.0;
				TARGETED_DEVICE_FAMILY = "1,2,7";
				TEST_HOST = "$(BUILT_PRODUCTS_DIR)/PoseTestApp.app/$(BUNDLE_EXECUTABLE_FOLDER_PATH)/PoseTestApp";
				XROS_DEPLOYMENT_TARGET = 2.4;
			};
			name = Debug;
		};
		AA8BF0072DF8B24E000568E3 /* Release */ = {
			isa = XCBuildConfiguration;
			buildSettings = {
				BUNDLE_LOADER = "$(TEST_HOST)";
				CODE_SIGN_STYLE = Automatic;
				CURRENT_PROJECT_VERSION = 1;
				DEVELOPMENT_TEAM = 968LHD49PF;
				GENERATE_INFOPLIST_FILE = YES;
				IPHONEOS_DEPLOYMENT_TARGET = 18.4;
				MACOSX_DEPLOYMENT_TARGET = 15.4;
				MARKETING_VERSION = 1.0;
				PRODUCT_BUNDLE_IDENTIFIER = seunghan.PoseTestAppTests;
				PRODUCT_NAME = "$(TARGET_NAME)";
				SDKROOT = auto;
				SUPPORTED_PLATFORMS = "iphoneos iphonesimulator macosx xros xrsimulator";
				SWIFT_EMIT_LOC_STRINGS = NO;
				SWIFT_VERSION = 5.0;
				TARGETED_DEVICE_FAMILY = "1,2,7";
				TEST_HOST = "$(BUILT_PRODUCTS_DIR)/PoseTestApp.app/$(BUNDLE_EXECUTABLE_FOLDER_PATH)/PoseTestApp";
				XROS_DEPLOYMENT_TARGET = 2.4;
			};
			name = Release;
		};
		AA8BF0092DF8B24E000568E3 /* Debug */ = {
			isa = XCBuildConfiguration;
			buildSettings = {
				CODE_SIGN_STYLE = Automatic;
				CURRENT_PROJECT_VERSION = 1;
				DEVELOPMENT_TEAM = 968LHD49PF;
				GENERATE_INFOPLIST_FILE = YES;
				IPHONEOS_DEPLOYMENT_TARGET = 18.4;
				MACOSX_DEPLOYMENT_TARGET = 15.4;
				MARKETING_VERSION = 1.0;
				PRODUCT_BUNDLE_IDENTIFIER = seunghan.PoseTestAppUITests;
				PRODUCT_NAME = "$(TARGET_NAME)";
				SDKROOT = auto;
				SUPPORTED_PLATFORMS = "iphoneos iphonesimulator macosx xros xrsimulator";
				SWIFT_EMIT_LOC_STRINGS = NO;
				SWIFT_VERSION = 5.0;
				TARGETED_DEVICE_FAMILY = "1,2,7";
				TEST_TARGET_NAME = PoseTestApp;
				XROS_DEPLOYMENT_TARGET = 2.4;
			};
			name = Debug;
		};
		AA8BF00A2DF8B24E000568E3 /* Release */ = {
			isa = XCBuildConfiguration;
			buildSettings = {
				CODE_SIGN_STYLE = Automatic;
				CURRENT_PROJECT_VERSION = 1;
				DEVELOPMENT_TEAM = 968LHD49PF;
				GENERATE_INFOPLIST_FILE = YES;
				IPHONEOS_DEPLOYMENT_TARGET = 18.4;
				MACOSX_DEPLOYMENT_TARGET = 15.4;
				MARKETING_VERSION = 1.0;
				PRODUCT_BUNDLE_IDENTIFIER = seunghan.PoseTestAppUITests;
				PRODUCT_NAME = "$(TARGET_NAME)";
				SDKROOT = auto;
				SUPPORTED_PLATFORMS = "iphoneos iphonesimulator macosx xros xrsimulator";
				SWIFT_EMIT_LOC_STRINGS = NO;
				SWIFT_VERSION = 5.0;
				TARGETED_DEVICE_FAMILY = "1,2,7";
				TEST_TARGET_NAME = PoseTestApp;
				XROS_DEPLOYMENT_TARGET = 2.4;
			};
			name = Release;
		};
/* End XCBuildConfiguration section */

/* Begin XCConfigurationList section */
		AA8BEFDB2DF8B24D000568E3 /* Build configuration list for PBXProject "PoseTestApp" */ = {
			isa = XCConfigurationList;
			buildConfigurations = (
				AA8BF0002DF8B24E000568E3 /* Debug */,
				AA8BF0012DF8B24E000568E3 /* Release */,
			);
			defaultConfigurationIsVisible = 0;
			defaultConfigurationName = Release;
		};
		AA8BF0022DF8B24E000568E3 /* Build configuration list for PBXNativeTarget "PoseTestApp" */ = {
			isa = XCConfigurationList;
			buildConfigurations = (
				AA8BF0032DF8B24E000568E3 /* Debug */,
				AA8BF0042DF8B24E000568E3 /* Release */,
			);
			defaultConfigurationIsVisible = 0;
			defaultConfigurationName = Release;
		};
		AA8BF0052DF8B24E000568E3 /* Build configuration list for PBXNativeTarget "PoseTestAppTests" */ = {
			isa = XCConfigurationList;
			buildConfigurations = (
				AA8BF0062DF8B24E000568E3 /* Debug */,
				AA8BF0072DF8B24E000568E3 /* Release */,
			);
			defaultConfigurationIsVisible = 0;
			defaultConfigurationName = Release;
		};
		AA8BF0082DF8B24E000568E3 /* Build configuration list for PBXNativeTarget "PoseTestAppUITests" */ = {
			isa = XCConfigurationList;
			buildConfigurations = (
				AA8BF0092DF8B24E000568E3 /* Debug */,
				AA8BF00A2DF8B24E000568E3 /* Release */,
			);
			defaultConfigurationIsVisible = 0;
			defaultConfigurationName = Release;
		};
/* End XCConfigurationList section */
	};
	rootObject = AA8BEFD82DF8B24D000568E3 /* Project object */;
}
